// !$*UTF8*$!
{
	archiveVersion = 1;
	classes = {
	};
	objectVersion = 56;
	objects = {

/* Begin PBXBuildFile section */
		AF4EE0F1292F425A00A45865 /* locationApp.swift in Sources */ = {isa = PBXBuildFile; fileRef = AF4EE0F0292F425A00A45865 /* locationApp.swift */; };
		AF4EE0F3292F425A00A45865 /* ContentView.swift in Sources */ = {isa = PBXBuildFile; fileRef = AF4EE0F2292F425A00A45865 /* ContentView.swift */; };
		AF4EE0F5292F425C00A45865 /* Assets.xcassets in Resources */ = {isa = PBXBuildFile; fileRef = AF4EE0F4292F425C00A45865 /* Assets.xcassets */; };
		AF4EE0F8292F425C00A45865 /* Preview Assets.xcassets in Resources */ = {isa = PBXBuildFile; fileRef = AF4EE0F7292F425C00A45865 /* Preview Assets.xcassets */; };
		AF4EE102292F425D00A45865 /* locationTests.swift in Sources */ = {isa = PBXBuildFile; fileRef = AF4EE101292F425D00A45865 /* locationTests.swift */; };
		AF4EE10C292F425D00A45865 /* locationUITests.swift in Sources */ = {isa = PBXBuildFile; fileRef = AF4EE10B292F425D00A45865 /* locationUITests.swift */; };
		AF4EE10E292F425D00A45865 /* locationUITestsLaunchTests.swift in Sources */ = {isa = PBXBuildFile; fileRef = AF4EE10D292F425D00A45865 /* locationUITestsLaunchTests.swift */; };
		AF4EE11C292F44C700A45865 /* Factory in Frameworks */ = {isa = PBXBuildFile; productRef = AF4EE11B292F44C700A45865 /* Factory */; };
		AF4EE11F292F44F600A45865 /* AppInjection.swift in Sources */ = {isa = PBXBuildFile; fileRef = AF4EE11E292F44F600A45865 /* AppInjection.swift */; };
		AF4EE123292F458B00A45865 /* HomeView.swift in Sources */ = {isa = PBXBuildFile; fileRef = AF4EE122292F458B00A45865 /* HomeView.swift */; };
		AF4EE125292F45A200A45865 /* HomeViewModel.swift in Sources */ = {isa = PBXBuildFile; fileRef = AF4EE124292F45A200A45865 /* HomeViewModel.swift */; };
/* End PBXBuildFile section */

/* Begin PBXContainerItemProxy section */
		AF4EE0FE292F425D00A45865 /* PBXContainerItemProxy */ = {
			isa = PBXContainerItemProxy;
			containerPortal = AF4EE0E5292F425A00A45865 /* Project object */;
			proxyType = 1;
			remoteGlobalIDString = AF4EE0EC292F425A00A45865;
			remoteInfo = location;
		};
		AF4EE108292F425D00A45865 /* PBXContainerItemProxy */ = {
			isa = PBXContainerItemProxy;
			containerPortal = AF4EE0E5292F425A00A45865 /* Project object */;
			proxyType = 1;
			remoteGlobalIDString = AF4EE0EC292F425A00A45865;
			remoteInfo = location;
		};
/* End PBXContainerItemProxy section */

/* Begin PBXFileReference section */
		AF4EE0ED292F425A00A45865 /* location.app */ = {isa = PBXFileReference; explicitFileType = wrapper.application; includeInIndex = 0; path = location.app; sourceTree = BUILT_PRODUCTS_DIR; };
		AF4EE0F0292F425A00A45865 /* locationApp.swift */ = {isa = PBXFileReference; lastKnownFileType = sourcecode.swift; path = locationApp.swift; sourceTree = "<group>"; };
		AF4EE0F2292F425A00A45865 /* ContentView.swift */ = {isa = PBXFileReference; lastKnownFileType = sourcecode.swift; path = ContentView.swift; sourceTree = "<group>"; };
		AF4EE0F4292F425C00A45865 /* Assets.xcassets */ = {isa = PBXFileReference; lastKnownFileType = folder.assetcatalog; path = Assets.xcassets; sourceTree = "<group>"; };
		AF4EE0F7292F425C00A45865 /* Preview Assets.xcassets */ = {isa = PBXFileReference; lastKnownFileType = folder.assetcatalog; path = "Preview Assets.xcassets"; sourceTree = "<group>"; };
		AF4EE0FD292F425D00A45865 /* locationTests.xctest */ = {isa = PBXFileReference; explicitFileType = wrapper.cfbundle; includeInIndex = 0; path = locationTests.xctest; sourceTree = BUILT_PRODUCTS_DIR; };
		AF4EE101292F425D00A45865 /* locationTests.swift */ = {isa = PBXFileReference; lastKnownFileType = sourcecode.swift; path = locationTests.swift; sourceTree = "<group>"; };
		AF4EE107292F425D00A45865 /* locationUITests.xctest */ = {isa = PBXFileReference; explicitFileType = wrapper.cfbundle; includeInIndex = 0; path = locationUITests.xctest; sourceTree = BUILT_PRODUCTS_DIR; };
		AF4EE10B292F425D00A45865 /* locationUITests.swift */ = {isa = PBXFileReference; lastKnownFileType = sourcecode.swift; path = locationUITests.swift; sourceTree = "<group>"; };
		AF4EE10D292F425D00A45865 /* locationUITestsLaunchTests.swift */ = {isa = PBXFileReference; lastKnownFileType = sourcecode.swift; path = locationUITestsLaunchTests.swift; sourceTree = "<group>"; };
		AF4EE11E292F44F600A45865 /* AppInjection.swift */ = {isa = PBXFileReference; lastKnownFileType = sourcecode.swift; path = AppInjection.swift; sourceTree = "<group>"; };
		AF4EE122292F458B00A45865 /* HomeView.swift */ = {isa = PBXFileReference; lastKnownFileType = sourcecode.swift; path = HomeView.swift; sourceTree = "<group>"; };
		AF4EE124292F45A200A45865 /* HomeViewModel.swift */ = {isa = PBXFileReference; lastKnownFileType = sourcecode.swift; path = HomeViewModel.swift; sourceTree = "<group>"; };
/* End PBXFileReference section */

/* Begin PBXFrameworksBuildPhase section */
		AF4EE0EA292F425A00A45865 /* Frameworks */ = {
			isa = PBXFrameworksBuildPhase;
			buildActionMask = 2147483647;
			files = (
				AF4EE11C292F44C700A45865 /* Factory in Frameworks */,
			);
			runOnlyForDeploymentPostprocessing = 0;
		};
		AF4EE0FA292F425D00A45865 /* Frameworks */ = {
			isa = PBXFrameworksBuildPhase;
			buildActionMask = 2147483647;
			files = (
			);
			runOnlyForDeploymentPostprocessing = 0;
		};
		AF4EE104292F425D00A45865 /* Frameworks */ = {
			isa = PBXFrameworksBuildPhase;
			buildActionMask = 2147483647;
			files = (
			);
			runOnlyForDeploymentPostprocessing = 0;
		};
/* End PBXFrameworksBuildPhase section */

/* Begin PBXGroup section */
		AF4EE0E4292F425A00A45865 = {
			isa = PBXGroup;
			children = (
				AF4EE0EF292F425A00A45865 /* location */,
				AF4EE100292F425D00A45865 /* locationTests */,
				AF4EE10A292F425D00A45865 /* locationUITests */,
				AF4EE0EE292F425A00A45865 /* Products */,
			);
			sourceTree = "<group>";
		};
		AF4EE0EE292F425A00A45865 /* Products */ = {
			isa = PBXGroup;
			children = (
				AF4EE0ED292F425A00A45865 /* location.app */,
				AF4EE0FD292F425D00A45865 /* locationTests.xctest */,
				AF4EE107292F425D00A45865 /* locationUITests.xctest */,
			);
			name = Products;
			sourceTree = "<group>";
		};
		AF4EE0EF292F425A00A45865 /* location */ = {
			isa = PBXGroup;
			children = (
				AF4EE121292F457700A45865 /* viewModel */,
				AF4EE120292F457000A45865 /* views */,
				AF4EE11D292F44E200A45865 /* di */,
				AF4EE0F0292F425A00A45865 /* locationApp.swift */,
				AF4EE0F2292F425A00A45865 /* ContentView.swift */,
				AF4EE0F4292F425C00A45865 /* Assets.xcassets */,
				AF4EE0F6292F425C00A45865 /* Preview Content */,
			);
			path = location;
			sourceTree = "<group>";
		};
		AF4EE0F6292F425C00A45865 /* Preview Content */ = {
			isa = PBXGroup;
			children = (
				AF4EE0F7292F425C00A45865 /* Preview Assets.xcassets */,
			);
			path = "Preview Content";
			sourceTree = "<group>";
		};
		AF4EE100292F425D00A45865 /* locationTests */ = {
			isa = PBXGroup;
			children = (
				AF4EE101292F425D00A45865 /* locationTests.swift */,
			);
			path = locationTests;
			sourceTree = "<group>";
		};
		AF4EE10A292F425D00A45865 /* locationUITests */ = {
			isa = PBXGroup;
			children = (
				AF4EE10B292F425D00A45865 /* locationUITests.swift */,
				AF4EE10D292F425D00A45865 /* locationUITestsLaunchTests.swift */,
			);
			path = locationUITests;
			sourceTree = "<group>";
		};
		AF4EE11D292F44E200A45865 /* di */ = {
			isa = PBXGroup;
			children = (
				AF4EE11E292F44F600A45865 /* AppInjection.swift */,
			);
			path = di;
			sourceTree = "<group>";
		};
		AF4EE120292F457000A45865 /* views */ = {
			isa = PBXGroup;
			children = (
				AF4EE122292F458B00A45865 /* HomeView.swift */,
			);
			path = views;
			sourceTree = "<group>";
		};
		AF4EE121292F457700A45865 /* viewModel */ = {
			isa = PBXGroup;
			children = (
				AF4EE124292F45A200A45865 /* HomeViewModel.swift */,
			);
			path = viewModel;
			sourceTree = "<group>";
		};
/* End PBXGroup section */

/* Begin PBXNativeTarget section */
		AF4EE0EC292F425A00A45865 /* location */ = {
			isa = PBXNativeTarget;
			buildConfigurationList = AF4EE111292F425D00A45865 /* Build configuration list for PBXNativeTarget "location" */;
			buildPhases = (
				AF4EE0E9292F425A00A45865 /* Sources */,
				AF4EE0EA292F425A00A45865 /* Frameworks */,
				AF4EE0EB292F425A00A45865 /* Resources */,
			);
			buildRules = (
			);
			dependencies = (
			);
			name = location;
			packageProductDependencies = (
				AF4EE11B292F44C700A45865 /* Factory */,
			);
			productName = location;
			productReference = AF4EE0ED292F425A00A45865 /* location.app */;
			productType = "com.apple.product-type.application";
		};
		AF4EE0FC292F425D00A45865 /* locationTests */ = {
			isa = PBXNativeTarget;
			buildConfigurationList = AF4EE114292F425D00A45865 /* Build configuration list for PBXNativeTarget "locationTests" */;
			buildPhases = (
				AF4EE0F9292F425D00A45865 /* Sources */,
				AF4EE0FA292F425D00A45865 /* Frameworks */,
				AF4EE0FB292F425D00A45865 /* Resources */,
			);
			buildRules = (
			);
			dependencies = (
				AF4EE0FF292F425D00A45865 /* PBXTargetDependency */,
			);
			name = locationTests;
			productName = locationTests;
			productReference = AF4EE0FD292F425D00A45865 /* locationTests.xctest */;
			productType = "com.apple.product-type.bundle.unit-test";
		};
		AF4EE106292F425D00A45865 /* locationUITests */ = {
			isa = PBXNativeTarget;
			buildConfigurationList = AF4EE117292F425D00A45865 /* Build configuration list for PBXNativeTarget "locationUITests" */;
			buildPhases = (
				AF4EE103292F425D00A45865 /* Sources */,
				AF4EE104292F425D00A45865 /* Frameworks */,
				AF4EE105292F425D00A45865 /* Resources */,
			);
			buildRules = (
			);
			dependencies = (
				AF4EE109292F425D00A45865 /* PBXTargetDependency */,
			);
			name = locationUITests;
			productName = locationUITests;
			productReference = AF4EE107292F425D00A45865 /* locationUITests.xctest */;
			productType = "com.apple.product-type.bundle.ui-testing";
		};
/* End PBXNativeTarget section */

/* Begin PBXProject section */
		AF4EE0E5292F425A00A45865 /* Project object */ = {
			isa = PBXProject;
			attributes = {
				BuildIndependentTargetsInParallel = 1;
				LastSwiftUpdateCheck = 1410;
				LastUpgradeCheck = 1410;
				TargetAttributes = {
					AF4EE0EC292F425A00A45865 = {
						CreatedOnToolsVersion = 14.1;
					};
					AF4EE0FC292F425D00A45865 = {
						CreatedOnToolsVersion = 14.1;
						TestTargetID = AF4EE0EC292F425A00A45865;
					};
					AF4EE106292F425D00A45865 = {
						CreatedOnToolsVersion = 14.1;
						TestTargetID = AF4EE0EC292F425A00A45865;
					};
				};
			};
			buildConfigurationList = AF4EE0E8292F425A00A45865 /* Build configuration list for PBXProject "location" */;
			compatibilityVersion = "Xcode 14.0";
			developmentRegion = en;
			hasScannedForEncodings = 0;
			knownRegions = (
				en,
				Base,
			);
			mainGroup = AF4EE0E4292F425A00A45865;
			packageReferences = (
				AF4EE11A292F44C700A45865 /* XCRemoteSwiftPackageReference "Factory" */,
			);
			productRefGroup = AF4EE0EE292F425A00A45865 /* Products */;
			projectDirPath = "";
			projectRoot = "";
			targets = (
				AF4EE0EC292F425A00A45865 /* location */,
				AF4EE0FC292F425D00A45865 /* locationTests */,
				AF4EE106292F425D00A45865 /* locationUITests */,
			);
		};
/* End PBXProject section */

/* Begin PBXResourcesBuildPhase section */
		AF4EE0EB292F425A00A45865 /* Resources */ = {
			isa = PBXResourcesBuildPhase;
			buildActionMask = 2147483647;
			files = (
				AF4EE0F8292F425C00A45865 /* Preview Assets.xcassets in Resources */,
				AF4EE0F5292F425C00A45865 /* Assets.xcassets in Resources */,
			);
			runOnlyForDeploymentPostprocessing = 0;
		};
		AF4EE0FB292F425D00A45865 /* Resources */ = {
			isa = PBXResourcesBuildPhase;
			buildActionMask = 2147483647;
			files = (
			);
			runOnlyForDeploymentPostprocessing = 0;
		};
		AF4EE105292F425D00A45865 /* Resources */ = {
			isa = PBXResourcesBuildPhase;
			buildActionMask = 2147483647;
			files = (
			);
			runOnlyForDeploymentPostprocessing = 0;
		};
/* End PBXResourcesBuildPhase section */

/* Begin PBXSourcesBuildPhase section */
		AF4EE0E9292F425A00A45865 /* Sources */ = {
			isa = PBXSourcesBuildPhase;
			buildActionMask = 2147483647;
			files = (
				AF4EE0F3292F425A00A45865 /* ContentView.swift in Sources */,
				AF4EE123292F458B00A45865 /* HomeView.swift in Sources */,
				AF4EE11F292F44F600A45865 /* AppInjection.swift in Sources */,
				AF4EE125292F45A200A45865 /* HomeViewModel.swift in Sources */,
				AF4EE0F1292F425A00A45865 /* locationApp.swift in Sources */,
			);
			runOnlyForDeploymentPostprocessing = 0;
		};
		AF4EE0F9292F425D00A45865 /* Sources */ = {
			isa = PBXSourcesBuildPhase;
			buildActionMask = 2147483647;
			files = (
				AF4EE102292F425D00A45865 /* locationTests.swift in Sources */,
			);
			runOnlyForDeploymentPostprocessing = 0;
		};
		AF4EE103292F425D00A45865 /* Sources */ = {
			isa = PBXSourcesBuildPhase;
			buildActionMask = 2147483647;
			files = (
				AF4EE10E292F425D00A45865 /* locationUITestsLaunchTests.swift in Sources */,
				AF4EE10C292F425D00A45865 /* locationUITests.swift in Sources */,
			);
			runOnlyForDeploymentPostprocessing = 0;
		};
/* End PBXSourcesBuildPhase section */

/* Begin PBXTargetDependency section */
		AF4EE0FF292F425D00A45865 /* PBXTargetDependency */ = {
			isa = PBXTargetDependency;
			target = AF4EE0EC292F425A00A45865 /* location */;
			targetProxy = AF4EE0FE292F425D00A45865 /* PBXContainerItemProxy */;
		};
		AF4EE109292F425D00A45865 /* PBXTargetDependency */ = {
			isa = PBXTargetDependency;
			target = AF4EE0EC292F425A00A45865 /* location */;
			targetProxy = AF4EE108292F425D00A45865 /* PBXContainerItemProxy */;
		};
/* End PBXTargetDependency section */

/* Begin XCBuildConfiguration section */
		AF4EE10F292F425D00A45865 /* Debug */ = {
			isa = XCBuildConfiguration;
			buildSettings = {
				ALWAYS_SEARCH_USER_PATHS = NO;
				CLANG_ANALYZER_NONNULL = YES;
				CLANG_ANALYZER_NUMBER_OBJECT_CONVERSION = YES_AGGRESSIVE;
				CLANG_CXX_LANGUAGE_STANDARD = "gnu++20";
				CLANG_ENABLE_MODULES = YES;
				CLANG_ENABLE_OBJC_ARC = YES;
				CLANG_ENABLE_OBJC_WEAK = YES;
				CLANG_WARN_BLOCK_CAPTURE_AUTORELEASING = YES;
				CLANG_WARN_BOOL_CONVERSION = YES;
				CLANG_WARN_COMMA = YES;
				CLANG_WARN_CONSTANT_CONVERSION = YES;
				CLANG_WARN_DEPRECATED_OBJC_IMPLEMENTATIONS = YES;
				CLANG_WARN_DIRECT_OBJC_ISA_USAGE = YES_ERROR;
				CLANG_WARN_DOCUMENTATION_COMMENTS = YES;
				CLANG_WARN_EMPTY_BODY = YES;
				CLANG_WARN_ENUM_CONVERSION = YES;
				CLANG_WARN_INFINITE_RECURSION = YES;
				CLANG_WARN_INT_CONVERSION = YES;
				CLANG_WARN_NON_LITERAL_NULL_CONVERSION = YES;
				CLANG_WARN_OBJC_IMPLICIT_RETAIN_SELF = YES;
				CLANG_WARN_OBJC_LITERAL_CONVERSION = YES;
				CLANG_WARN_OBJC_ROOT_CLASS = YES_ERROR;
				CLANG_WARN_QUOTED_INCLUDE_IN_FRAMEWORK_HEADER = YES;
				CLANG_WARN_RANGE_LOOP_ANALYSIS = YES;
				CLANG_WARN_STRICT_PROTOTYPES = YES;
				CLANG_WARN_SUSPICIOUS_MOVE = YES;
				CLANG_WARN_UNGUARDED_AVAILABILITY = YES_AGGRESSIVE;
				CLANG_WARN_UNREACHABLE_CODE = YES;
				CLANG_WARN__DUPLICATE_METHOD_MATCH = YES;
				COPY_PHASE_STRIP = NO;
				DEBUG_INFORMATION_FORMAT = dwarf;
				ENABLE_STRICT_OBJC_MSGSEND = YES;
				ENABLE_TESTABILITY = YES;
				GCC_C_LANGUAGE_STANDARD = gnu11;
				GCC_DYNAMIC_NO_PIC = NO;
				GCC_NO_COMMON_BLOCKS = YES;
				GCC_OPTIMIZATION_LEVEL = 0;
				GCC_PREPROCESSOR_DEFINITIONS = (
					"DEBUG=1",
					"$(inherited)",
				);
				GCC_WARN_64_TO_32_BIT_CONVERSION = YES;
				GCC_WARN_ABOUT_RETURN_TYPE = YES_ERROR;
				GCC_WARN_UNDECLARED_SELECTOR = YES;
				GCC_WARN_UNINITIALIZED_AUTOS = YES_AGGRESSIVE;
				GCC_WARN_UNUSED_FUNCTION = YES;
				GCC_WARN_UNUSED_VARIABLE = YES;
				IPHONEOS_DEPLOYMENT_TARGET = 16.1;
				MTL_ENABLE_DEBUG_INFO = INCLUDE_SOURCE;
				MTL_FAST_MATH = YES;
				ONLY_ACTIVE_ARCH = YES;
				SDKROOT = iphoneos;
				SWIFT_ACTIVE_COMPILATION_CONDITIONS = DEBUG;
				SWIFT_OPTIMIZATION_LEVEL = "-Onone";
			};
			name = Debug;
		};
		AF4EE110292F425D00A45865 /* Release */ = {
			isa = XCBuildConfiguration;
			buildSettings = {
				ALWAYS_SEARCH_USER_PATHS = NO;
				CLANG_ANALYZER_NONNULL = YES;
				CLANG_ANALYZER_NUMBER_OBJECT_CONVERSION = YES_AGGRESSIVE;
				CLANG_CXX_LANGUAGE_STANDARD = "gnu++20";
				CLANG_ENABLE_MODULES = YES;
				CLANG_ENABLE_OBJC_ARC = YES;
				CLANG_ENABLE_OBJC_WEAK = YES;
				CLANG_WARN_BLOCK_CAPTURE_AUTORELEASING = YES;
				CLANG_WARN_BOOL_CONVERSION = YES;
				CLANG_WARN_COMMA = YES;
				CLANG_WARN_CONSTANT_CONVERSION = YES;
				CLANG_WARN_DEPRECATED_OBJC_IMPLEMENTATIONS = YES;
				CLANG_WARN_DIRECT_OBJC_ISA_USAGE = YES_ERROR;
				CLANG_WARN_DOCUMENTATION_COMMENTS = YES;
				CLANG_WARN_EMPTY_BODY = YES;
				CLANG_WARN_ENUM_CONVERSION = YES;
				CLANG_WARN_INFINITE_RECURSION = YES;
				CLANG_WARN_INT_CONVERSION = YES;
				CLANG_WARN_NON_LITERAL_NULL_CONVERSION = YES;
				CLANG_WARN_OBJC_IMPLICIT_RETAIN_SELF = YES;
				CLANG_WARN_OBJC_LITERAL_CONVERSION = YES;
				CLANG_WARN_OBJC_ROOT_CLASS = YES_ERROR;
				CLANG_WARN_QUOTED_INCLUDE_IN_FRAMEWORK_HEADER = YES;
				CLANG_WARN_RANGE_LOOP_ANALYSIS = YES;
				CLANG_WARN_STRICT_PROTOTYPES = YES;
				CLANG_WARN_SUSPICIOUS_MOVE = YES;
				CLANG_WARN_UNGUARDED_AVAILABILITY = YES_AGGRESSIVE;
				CLANG_WARN_UNREACHABLE_CODE = YES;
				CLANG_WARN__DUPLICATE_METHOD_MATCH = YES;
				COPY_PHASE_STRIP = NO;
				DEBUG_INFORMATION_FORMAT = "dwarf-with-dsym";
				ENABLE_NS_ASSERTIONS = NO;
				ENABLE_STRICT_OBJC_MSGSEND = YES;
				GCC_C_LANGUAGE_STANDARD = gnu11;
				GCC_NO_COMMON_BLOCKS = YES;
				GCC_WARN_64_TO_32_BIT_CONVERSION = YES;
				GCC_WARN_ABOUT_RETURN_TYPE = YES_ERROR;
				GCC_WARN_UNDECLARED_SELECTOR = YES;
				GCC_WARN_UNINITIALIZED_AUTOS = YES_AGGRESSIVE;
				GCC_WARN_UNUSED_FUNCTION = YES;
				GCC_WARN_UNUSED_VARIABLE = YES;
				IPHONEOS_DEPLOYMENT_TARGET = 16.1;
				MTL_ENABLE_DEBUG_INFO = NO;
				MTL_FAST_MATH = YES;
				SDKROOT = iphoneos;
				SWIFT_COMPILATION_MODE = wholemodule;
				SWIFT_OPTIMIZATION_LEVEL = "-O";
				VALIDATE_PRODUCT = YES;
			};
			name = Release;
		};
		AF4EE112292F425D00A45865 /* Debug */ = {
			isa = XCBuildConfiguration;
			buildSettings = {
				ASSETCATALOG_COMPILER_APPICON_NAME = AppIcon;
				ASSETCATALOG_COMPILER_GLOBAL_ACCENT_COLOR_NAME = AccentColor;
				CODE_SIGN_STYLE = Automatic;
				CURRENT_PROJECT_VERSION = 1;
				DEVELOPMENT_ASSET_PATHS = "\"location/Preview Content\"";
				DEVELOPMENT_TEAM = PYH5XH3SJ7;
				ENABLE_PREVIEWS = YES;
				GENERATE_INFOPLIST_FILE = YES;
				INFOPLIST_KEY_UIApplicationSceneManifest_Generation = YES;
				INFOPLIST_KEY_UIApplicationSupportsIndirectInputEvents = YES;
				INFOPLIST_KEY_UILaunchScreen_Generation = YES;
				INFOPLIST_KEY_UISupportedInterfaceOrientations_iPad = "UIInterfaceOrientationPortrait UIInterfaceOrientationPortraitUpsideDown UIInterfaceOrientationLandscapeLeft UIInterfaceOrientationLandscapeRight";
				INFOPLIST_KEY_UISupportedInterfaceOrientations_iPhone = "UIInterfaceOrientationPortrait UIInterfaceOrientationLandscapeLeft UIInterfaceOrientationLandscapeRight";
				LD_RUNPATH_SEARCH_PATHS = (
					"$(inherited)",
					"@executable_path/Frameworks",
				);
				MARKETING_VERSION = 1.0;
				PRODUCT_BUNDLE_IDENTIFIER = es.trespies.location;
				PRODUCT_NAME = "$(TARGET_NAME)";
				SWIFT_EMIT_LOC_STRINGS = YES;
				SWIFT_VERSION = 5.0;
				TARGETED_DEVICE_FAMILY = "1,2";
			};
			name = Debug;
		};
		AF4EE113292F425D00A45865 /* Release */ = {
			isa = XCBuildConfiguration;
			buildSettings = {
				ASSETCATALOG_COMPILER_APPICON_NAME = AppIcon;
				ASSETCATALOG_COMPILER_GLOBAL_ACCENT_COLOR_NAME = AccentColor;
				CODE_SIGN_STYLE = Automatic;
				CURRENT_PROJECT_VERSION = 1;
				DEVELOPMENT_ASSET_PATHS = "\"location/Preview Content\"";
				DEVELOPMENT_TEAM = PYH5XH3SJ7;
				ENABLE_PREVIEWS = YES;
				GENERATE_INFOPLIST_FILE = YES;
				INFOPLIST_KEY_UIApplicationSceneManifest_Generation = YES;
				INFOPLIST_KEY_UIApplicationSupportsIndirectInputEvents = YES;
				INFOPLIST_KEY_UILaunchScreen_Generation = YES;
				INFOPLIST_KEY_UISupportedInterfaceOrientations_iPad = "UIInterfaceOrientationPortrait UIInterfaceOrientationPortraitUpsideDown UIInterfaceOrientationLandscapeLeft UIInterfaceOrientationLandscapeRight";
				INFOPLIST_KEY_UISupportedInterfaceOrientations_iPhone = "UIInterfaceOrientationPortrait UIInterfaceOrientationLandscapeLeft UIInterfaceOrientationLandscapeRight";
				LD_RUNPATH_SEARCH_PATHS = (
					"$(inherited)",
					"@executable_path/Frameworks",
				);
				MARKETING_VERSION = 1.0;
				PRODUCT_BUNDLE_IDENTIFIER = es.trespies.location;
				PRODUCT_NAME = "$(TARGET_NAME)";
				SWIFT_EMIT_LOC_STRINGS = YES;
				SWIFT_VERSION = 5.0;
				TARGETED_DEVICE_FAMILY = "1,2";
			};
			name = Release;
		};
		AF4EE115292F425D00A45865 /* Debug */ = {
			isa = XCBuildConfiguration;
			buildSettings = {
				ALWAYS_EMBED_SWIFT_STANDARD_LIBRARIES = YES;
				BUNDLE_LOADER = "$(TEST_HOST)";
				CODE_SIGN_STYLE = Automatic;
				CURRENT_PROJECT_VERSION = 1;
				DEVELOPMENT_TEAM = PYH5XH3SJ7;
				GENERATE_INFOPLIST_FILE = YES;
				IPHONEOS_DEPLOYMENT_TARGET = 16.1;
				MARKETING_VERSION = 1.0;
				PRODUCT_BUNDLE_IDENTIFIER = es.trespies.locationTests;
				PRODUCT_NAME = "$(TARGET_NAME)";
				SWIFT_EMIT_LOC_STRINGS = NO;
				SWIFT_VERSION = 5.0;
				TARGETED_DEVICE_FAMILY = "1,2";
				TEST_HOST = "$(BUILT_PRODUCTS_DIR)/location.app/$(BUNDLE_EXECUTABLE_FOLDER_PATH)/location";
			};
			name = Debug;
		};
		AF4EE116292F425D00A45865 /* Release */ = {
			isa = XCBuildConfiguration;
			buildSettings = {
				ALWAYS_EMBED_SWIFT_STANDARD_LIBRARIES = YES;
				BUNDLE_LOADER = "$(TEST_HOST)";
				CODE_SIGN_STYLE = Automatic;
				CURRENT_PROJECT_VERSION = 1;
				DEVELOPMENT_TEAM = PYH5XH3SJ7;
				GENERATE_INFOPLIST_FILE = YES;
				IPHONEOS_DEPLOYMENT_TARGET = 16.1;
				MARKETING_VERSION = 1.0;
				PRODUCT_BUNDLE_IDENTIFIER = es.trespies.locationTests;
				PRODUCT_NAME = "$(TARGET_NAME)";
				SWIFT_EMIT_LOC_STRINGS = NO;
				SWIFT_VERSION = 5.0;
				TARGETED_DEVICE_FAMILY = "1,2";
				TEST_HOST = "$(BUILT_PRODUCTS_DIR)/location.app/$(BUNDLE_EXECUTABLE_FOLDER_PATH)/location";
			};
			name = Release;
		};
		AF4EE118292F425D00A45865 /* Debug */ = {
			isa = XCBuildConfiguration;
			buildSettings = {
				ALWAYS_EMBED_SWIFT_STANDARD_LIBRARIES = YES;
				CODE_SIGN_STYLE = Automatic;
				CURRENT_PROJECT_VERSION = 1;
				DEVELOPMENT_TEAM = PYH5XH3SJ7;
				GENERATE_INFOPLIST_FILE = YES;
				MARKETING_VERSION = 1.0;
				PRODUCT_BUNDLE_IDENTIFIER = es.trespies.locationUITests;
				PRODUCT_NAME = "$(TARGET_NAME)";
				SWIFT_EMIT_LOC_STRINGS = NO;
				SWIFT_VERSION = 5.0;
				TARGETED_DEVICE_FAMILY = "1,2";
				TEST_TARGET_NAME = location;
			};
			name = Debug;
		};
		AF4EE119292F425D00A45865 /* Release */ = {
			isa = XCBuildConfiguration;
			buildSettings = {
				ALWAYS_EMBED_SWIFT_STANDARD_LIBRARIES = YES;
				CODE_SIGN_STYLE = Automatic;
				CURRENT_PROJECT_VERSION = 1;
				DEVELOPMENT_TEAM = PYH5XH3SJ7;
				GENERATE_INFOPLIST_FILE = YES;
				MARKETING_VERSION = 1.0;
				PRODUCT_BUNDLE_IDENTIFIER = es.trespies.locationUITests;
				PRODUCT_NAME = "$(TARGET_NAME)";
				SWIFT_EMIT_LOC_STRINGS = NO;
				SWIFT_VERSION = 5.0;
				TARGETED_DEVICE_FAMILY = "1,2";
				TEST_TARGET_NAME = location;
			};
			name = Release;
		};
/* End XCBuildConfiguration section */

/* Begin XCConfigurationList section */
		AF4EE0E8292F425A00A45865 /* Build configuration list for PBXProject "location" */ = {
			isa = XCConfigurationList;
			buildConfigurations = (
				AF4EE10F292F425D00A45865 /* Debug */,
				AF4EE110292F425D00A45865 /* Release */,
			);
			defaultConfigurationIsVisible = 0;
			defaultConfigurationName = Release;
		};
		AF4EE111292F425D00A45865 /* Build configuration list for PBXNativeTarget "location" */ = {
			isa = XCConfigurationList;
			buildConfigurations = (
				AF4EE112292F425D00A45865 /* Debug */,
				AF4EE113292F425D00A45865 /* Release */,
			);
			defaultConfigurationIsVisible = 0;
			defaultConfigurationName = Release;
		};
		AF4EE114292F425D00A45865 /* Build configuration list for PBXNativeTarget "locationTests" */ = {
			isa = XCConfigurationList;
			buildConfigurations = (
				AF4EE115292F425D00A45865 /* Debug */,
				AF4EE116292F425D00A45865 /* Release */,
			);
			defaultConfigurationIsVisible = 0;
			defaultConfigurationName = Release;
		};
		AF4EE117292F425D00A45865 /* Build configuration list for PBXNativeTarget "locationUITests" */ = {
			isa = XCConfigurationList;
			buildConfigurations = (
				AF4EE118292F425D00A45865 /* Debug */,
				AF4EE119292F425D00A45865 /* Release */,
			);
			defaultConfigurationIsVisible = 0;
			defaultConfigurationName = Release;
		};
/* End XCConfigurationList section */

/* Begin XCRemoteSwiftPackageReference section */
		AF4EE11A292F44C700A45865 /* XCRemoteSwiftPackageReference "Factory" */ = {
			isa = XCRemoteSwiftPackageReference;
			repositoryURL = "https://github.com/hmlongco/Factory";
			requirement = {
				branch = main;
				kind = branch;
			};
		};
/* End XCRemoteSwiftPackageReference section */

/* Begin XCSwiftPackageProductDependency section */
		AF4EE11B292F44C700A45865 /* Factory */ = {
			isa = XCSwiftPackageProductDependency;
			package = AF4EE11A292F44C700A45865 /* XCRemoteSwiftPackageReference "Factory" */;
			productName = Factory;
		};
/* End XCSwiftPackageProductDependency section */
	};
	rootObject = AF4EE0E5292F425A00A45865 /* Project object */;
}
